
Microsoft Visual Studio Solution File, Format Version 12.00
# Visual Studio Version 17
VisualStudioVersion = 17.0.31903.59
MinimumVisualStudioVersion = 10.0.40219.1
Project("{2150E333-8FDC-42A3-9474-1A3956D46DE8}") = "src", "src", "{8907FD67-CB01-4506-8AFF-4B8E1E59311B}"
EndProject
Project("{FAE04EC0-301F-11D3-BF4B-00C04F79EFBC}") = "Core", "Procyon.Core\Core.csproj", "{D78C81B7-343C-4202-8E9F-456CA0E56A77}"
EndProject
Project("{FAE04EC0-301F-11D3-BF4B-00C04F79EFBC}") = "SharedKernel", "SharedKernel\SharedKernel.csproj", "{2421CB35-2433-4652-8BB1-C5987AF73B5C}"
EndProject
Project("{FAE04EC0-301F-11D3-BF4B-00C04F79EFBC}") = "Application", "Application\Application.csproj", "{8E3E4CCF-E153-4BAB-8EE6-E9DC741A274E}"
EndProject
Project("{FAE04EC0-301F-11D3-BF4B-00C04F79EFBC}") = "Domain", "Domain\Domain.csproj", "{6905407E-5ED6-4CB2-ACE3-1A9CF1E24758}"
EndProject
Project("{FAE04EC0-301F-11D3-BF4B-00C04F79EFBC}") = "Infrastructure", "Infrastructure\Infrastructure.csproj", "{81E20BC0-4C67-4887-A4ED-C56DA6B96874}"
EndProject
Global
	GlobalSection(SolutionConfigurationPlatforms) = preSolution
		Debug|Any CPU = Debug|Any CPU
		Release|Any CPU = Release|Any CPU
	EndGlobalSection
	GlobalSection(ProjectConfigurationPlatforms) = postSolution
		{D78C81B7-343C-4202-8E9F-456CA0E56A77}.Debug|Any CPU.ActiveCfg = Debug|Any CPU
		{D78C81B7-343C-4202-8E9F-456CA0E56A77}.Debug|Any CPU.Build.0 = Debug|Any CPU
		{D78C81B7-343C-4202-8E9F-456CA0E56A77}.Release|Any CPU.ActiveCfg = Release|Any CPU
		{D78C81B7-343C-4202-8E9F-456CA0E56A77}.Release|Any CPU.Build.0 = Release|Any CPU
		{2421CB35-2433-4652-8BB1-C5987AF73B5C}.Debug|Any CPU.ActiveCfg = Debug|Any CPU
		{2421CB35-2433-4652-8BB1-C5987AF73B5C}.Debug|Any CPU.Build.0 = Debug|Any CPU
		{2421CB35-2433-4652-8BB1-C5987AF73B5C}.Release|Any CPU.ActiveCfg = Release|Any CPU
		{2421CB35-2433-4652-8BB1-C5987AF73B5C}.Release|Any CPU.Build.0 = Release|Any CPU
		{8E3E4CCF-E153-4BAB-8EE6-E9DC741A274E}.Debug|Any CPU.ActiveCfg = Debug|Any CPU
		{8E3E4CCF-E153-4BAB-8EE6-E9DC741A274E}.Debug|Any CPU.Build.0 = Debug|Any CPU
		{8E3E4CCF-E153-4BAB-8EE6-E9DC741A274E}.Release|Any CPU.ActiveCfg = Release|Any CPU
		{8E3E4CCF-E153-4BAB-8EE6-E9DC741A274E}.Release|Any CPU.Build.0 = Release|Any CPU
		{6905407E-5ED6-4CB2-ACE3-1A9CF1E24758}.Debug|Any CPU.ActiveCfg = Debug|Any CPU
		{6905407E-5ED6-4CB2-ACE3-1A9CF1E24758}.Debug|Any CPU.Build.0 = Debug|Any CPU
		{6905407E-5ED6-4CB2-ACE3-1A9CF1E24758}.Release|Any CPU.ActiveCfg = Release|Any CPU
		{6905407E-5ED6-4CB2-ACE3-1A9CF1E24758}.Release|Any CPU.Build.0 = Release|Any CPU
		{81E20BC0-4C67-4887-A4ED-C56DA6B96874}.Debug|Any CPU.ActiveCfg = Debug|Any CPU
		{81E20BC0-4C67-4887-A4ED-C56DA6B96874}.Debug|Any CPU.Build.0 = Debug|Any CPU
		{81E20BC0-4C67-4887-A4ED-C56DA6B96874}.Release|Any CPU.ActiveCfg = Release|Any CPU
		{81E20BC0-4C67-4887-A4ED-C56DA6B96874}.Release|Any CPU.Build.0 = Release|Any CPU
	EndGlobalSection
	GlobalSection(SolutionProperties) = preSolution
		HideSolutionNode = FALSE
	EndGlobalSection
	GlobalSection(NestedProjects) = preSolution
		{D78C81B7-343C-4202-8E9F-456CA0E56A77} = {8907FD67-CB01-4506-8AFF-4B8E1E59311B}
		{2421CB35-2433-4652-8BB1-C5987AF73B5C} = {8907FD67-CB01-4506-8AFF-4B8E1E59311B}
		{8E3E4CCF-E153-4BAB-8EE6-E9DC741A274E} = {8907FD67-CB01-4506-8AFF-4B8E1E59311B}
		{6905407E-5ED6-4CB2-ACE3-1A9CF1E24758} = {8907FD67-CB01-4506-8AFF-4B8E1E59311B}
		{81E20BC0-4C67-4887-A4ED-C56DA6B96874} = {8907FD67-CB01-4506-8AFF-4B8E1E59311B}
	EndGlobalSection
	GlobalSection(ExtensibilityGlobals) = postSolution
		SolutionGuid = {8FAF44E3-9469-40D5-8B2E-98F2287D68AD}
	EndGlobalSection
EndGlobal
