
Microsoft Visual Studio Solution File, Format Version 12.00
# Visual Studio Version 17
VisualStudioVersion = 17.0.31903.59
MinimumVisualStudioVersion = 10.0.40219.1
Project("{2150E333-8FDC-42A3-9474-1A3956D46DE8}") = "Services", "Services", "{5854FF58-B8C5-05C6-5BF2-ACE42193F22B}"
EndProject
Project("{2150E333-8FDC-42A3-9474-1A3956D46DE8}") = "ManageUser", "ManageUser", "{7F5E4303-C61D-8574-96A4-AEBE3E9C691B}"
EndProject
Project("{FAE04EC0-301F-11D3-BF4B-00C04F79EFBC}") = "ManageUser.API", "Services\ManageUser\ManageUser.API\ManageUser.API.csproj", "{13918699-B77B-49F4-8BD9-B47AC537BDDF}"
EndProject
Project("{FAE04EC0-301F-11D3-BF4B-00C04F79EFBC}") = "ManageUser.Domain", "Services\ManageUser\ManageUser.Domain\ManageUser.Domain.csproj", "{69E7484A-EBE1-4F5E-8864-AFCE46B9E754}"
EndProject
Project("{FAE04EC0-301F-11D3-BF4B-00C04F79EFBC}") = "ManageUser.Infrastructure", "Services\ManageUser\ManageUser.Infrastructure\ManageUser.Infrastructure.csproj", "{08E252D5-321E-4771-84B9-0D7F0F05D2B3}"
EndProject
Project("{2150E333-8FDC-42A3-9474-1A3956D46DE8}") = "Core", "Core", "{FBF56CC3-7AE6-AD2D-3F14-7F97FD322CD6}"
EndProject
Project("{FAE04EC0-301F-11D3-BF4B-00C04F79EFBC}") = "Procyon.Core", "Procyon.Core\Procyon.Core.csproj", "{9837A3A9-814C-4CBD-9205-45D79321617A}"
EndProject
Global
	GlobalSection(SolutionConfigurationPlatforms) = preSolution
		Debug|Any CPU = Debug|Any CPU
		Debug|x64 = Debug|x64
		Debug|x86 = Debug|x86
		Release|Any CPU = Release|Any CPU
		Release|x64 = Release|x64
		Release|x86 = Release|x86
	EndGlobalSection
	GlobalSection(ProjectConfigurationPlatforms) = postSolution
		{13918699-B77B-49F4-8BD9-B47AC537BDDF}.Debug|Any CPU.ActiveCfg = Debug|Any CPU
		{13918699-B77B-49F4-8BD9-B47AC537BDDF}.Debug|Any CPU.Build.0 = Debug|Any CPU
		{13918699-B77B-49F4-8BD9-B47AC537BDDF}.Debug|x64.ActiveCfg = Debug|Any CPU
		{13918699-B77B-49F4-8BD9-B47AC537BDDF}.Debug|x64.Build.0 = Debug|Any CPU
		{13918699-B77B-49F4-8BD9-B47AC537BDDF}.Debug|x86.ActiveCfg = Debug|Any CPU
		{13918699-B77B-49F4-8BD9-B47AC537BDDF}.Debug|x86.Build.0 = Debug|Any CPU
		{13918699-B77B-49F4-8BD9-B47AC537BDDF}.Release|Any CPU.ActiveCfg = Release|Any CPU
		{13918699-B77B-49F4-8BD9-B47AC537BDDF}.Release|Any CPU.Build.0 = Release|Any CPU
		{13918699-B77B-49F4-8BD9-B47AC537BDDF}.Release|x64.ActiveCfg = Release|Any CPU
		{13918699-B77B-49F4-8BD9-B47AC537BDDF}.Release|x64.Build.0 = Release|Any CPU
		{13918699-B77B-49F4-8BD9-B47AC537BDDF}.Release|x86.ActiveCfg = Release|Any CPU
		{13918699-B77B-49F4-8BD9-B47AC537BDDF}.Release|x86.Build.0 = Release|Any CPU
		{69E7484A-EBE1-4F5E-8864-AFCE46B9E754}.Debug|Any CPU.ActiveCfg = Debug|Any CPU
		{69E7484A-EBE1-4F5E-8864-AFCE46B9E754}.Debug|Any CPU.Build.0 = Debug|Any CPU
		{69E7484A-EBE1-4F5E-8864-AFCE46B9E754}.Debug|x64.ActiveCfg = Debug|Any CPU
		{69E7484A-EBE1-4F5E-8864-AFCE46B9E754}.Debug|x64.Build.0 = Debug|Any CPU
		{69E7484A-EBE1-4F5E-8864-AFCE46B9E754}.Debug|x86.ActiveCfg = Debug|Any CPU
		{69E7484A-EBE1-4F5E-8864-AFCE46B9E754}.Debug|x86.Build.0 = Debug|Any CPU
		{69E7484A-EBE1-4F5E-8864-AFCE46B9E754}.Release|Any CPU.ActiveCfg = Release|Any CPU
		{69E7484A-EBE1-4F5E-8864-AFCE46B9E754}.Release|Any CPU.Build.0 = Release|Any CPU
		{69E7484A-EBE1-4F5E-8864-AFCE46B9E754}.Release|x64.ActiveCfg = Release|Any CPU
		{69E7484A-EBE1-4F5E-8864-AFCE46B9E754}.Release|x64.Build.0 = Release|Any CPU
		{69E7484A-EBE1-4F5E-8864-AFCE46B9E754}.Release|x86.ActiveCfg = Release|Any CPU
		{69E7484A-EBE1-4F5E-8864-AFCE46B9E754}.Release|x86.Build.0 = Release|Any CPU
		{08E252D5-321E-4771-84B9-0D7F0F05D2B3}.Debug|Any CPU.ActiveCfg = Debug|Any CPU
		{08E252D5-321E-4771-84B9-0D7F0F05D2B3}.Debug|Any CPU.Build.0 = Debug|Any CPU
		{08E252D5-321E-4771-84B9-0D7F0F05D2B3}.Debug|x64.ActiveCfg = Debug|Any CPU
		{08E252D5-321E-4771-84B9-0D7F0F05D2B3}.Debug|x64.Build.0 = Debug|Any CPU
		{08E252D5-321E-4771-84B9-0D7F0F05D2B3}.Debug|x86.ActiveCfg = Debug|Any CPU
		{08E252D5-321E-4771-84B9-0D7F0F05D2B3}.Debug|x86.Build.0 = Debug|Any CPU
		{08E252D5-321E-4771-84B9-0D7F0F05D2B3}.Release|Any CPU.ActiveCfg = Release|Any CPU
		{08E252D5-321E-4771-84B9-0D7F0F05D2B3}.Release|Any CPU.Build.0 = Release|Any CPU
		{08E252D5-321E-4771-84B9-0D7F0F05D2B3}.Release|x64.ActiveCfg = Release|Any CPU
		{08E252D5-321E-4771-84B9-0D7F0F05D2B3}.Release|x64.Build.0 = Release|Any CPU
		{08E252D5-321E-4771-84B9-0D7F0F05D2B3}.Release|x86.ActiveCfg = Release|Any CPU
		{08E252D5-321E-4771-84B9-0D7F0F05D2B3}.Release|x86.Build.0 = Release|Any CPU
		{9837A3A9-814C-4CBD-9205-45D79321617A}.Debug|Any CPU.ActiveCfg = Debug|Any CPU
		{9837A3A9-814C-4CBD-9205-45D79321617A}.Debug|Any CPU.Build.0 = Debug|Any CPU
		{9837A3A9-814C-4CBD-9205-45D79321617A}.Debug|x64.ActiveCfg = Debug|Any CPU
		{9837A3A9-814C-4CBD-9205-45D79321617A}.Debug|x64.Build.0 = Debug|Any CPU
		{9837A3A9-814C-4CBD-9205-45D79321617A}.Debug|x86.ActiveCfg = Debug|Any CPU
		{9837A3A9-814C-4CBD-9205-45D79321617A}.Debug|x86.Build.0 = Debug|Any CPU
		{9837A3A9-814C-4CBD-9205-45D79321617A}.Release|Any CPU.ActiveCfg = Release|Any CPU
		{9837A3A9-814C-4CBD-9205-45D79321617A}.Release|Any CPU.Build.0 = Release|Any CPU
		{9837A3A9-814C-4CBD-9205-45D79321617A}.Release|x64.ActiveCfg = Release|Any CPU
		{9837A3A9-814C-4CBD-9205-45D79321617A}.Release|x64.Build.0 = Release|Any CPU
		{9837A3A9-814C-4CBD-9205-45D79321617A}.Release|x86.ActiveCfg = Release|Any CPU
		{9837A3A9-814C-4CBD-9205-45D79321617A}.Release|x86.Build.0 = Release|Any CPU
	EndGlobalSection
	GlobalSection(SolutionProperties) = preSolution
		HideSolutionNode = FALSE
	EndGlobalSection
	GlobalSection(NestedProjects) = preSolution
		{7F5E4303-C61D-8574-96A4-AEBE3E9C691B} = {5854FF58-B8C5-05C6-5BF2-ACE42193F22B}
		{13918699-B77B-49F4-8BD9-B47AC537BDDF} = {7F5E4303-C61D-8574-96A4-AEBE3E9C691B}
		{69E7484A-EBE1-4F5E-8864-AFCE46B9E754} = {7F5E4303-C61D-8574-96A4-AEBE3E9C691B}
		{08E252D5-321E-4771-84B9-0D7F0F05D2B3} = {7F5E4303-C61D-8574-96A4-AEBE3E9C691B}
		{9837A3A9-814C-4CBD-9205-45D79321617A} = {FBF56CC3-7AE6-AD2D-3F14-7F97FD322CD6}
	EndGlobalSection
	GlobalSection(ExtensibilityGlobals) = postSolution
		SolutionGuid = {8FAF44E3-9469-40D5-8B2E-98F2287D68AD}
	EndGlobalSection
EndGlobal
