
Microsoft Visual Studio Solution File, Format Version 12.00
# Visual Studio Version 17
VisualStudioVersion = 17.0.31903.59
MinimumVisualStudioVersion = 10.0.40219.1
Project("{FAE04EC0-301F-11D3-BF4B-00C04F79EFBC}") = "Core", "Procyon.Core\Core.csproj", "{D78C81B7-343C-4202-8E9F-456CA0E56A77}"
EndProject
Project("{FAE04EC0-301F-11D3-BF4B-00C04F79EFBC}") = "Domain", "Domain\Domain.csproj", "{6905407E-5ED6-4CB2-ACE3-1A9CF1E24758}"
EndProject
Project("{FAE04EC0-301F-11D3-BF4B-00C04F79EFBC}") = "Infrastructure", "Infrastructure\Infrastructure.csproj", "{81E20BC0-4C67-4887-A4ED-C56DA6B96874}"
EndProject
Project("{FAE04EC0-301F-11D3-BF4B-00C04F79EFBC}") = "Procyon.API", "Application\Procyon.API.csproj", "{9B216D9D-F307-4DFF-8622-F4234C49095C}"
EndProject
Global
	GlobalSection(SolutionConfigurationPlatforms) = preSolution
		Debug|Any CPU = Debug|Any CPU
		Release|Any CPU = Release|Any CPU
	EndGlobalSection
	GlobalSection(ProjectConfigurationPlatforms) = postSolution
		{D78C81B7-343C-4202-8E9F-456CA0E56A77}.Debug|Any CPU.ActiveCfg = Debug|Any CPU
		{D78C81B7-343C-4202-8E9F-456CA0E56A77}.Debug|Any CPU.Build.0 = Debug|Any CPU
		{D78C81B7-343C-4202-8E9F-456CA0E56A77}.Release|Any CPU.ActiveCfg = Release|Any CPU
		{D78C81B7-343C-4202-8E9F-456CA0E56A77}.Release|Any CPU.Build.0 = Release|Any CPU
		{6905407E-5ED6-4CB2-ACE3-1A9CF1E24758}.Debug|Any CPU.ActiveCfg = Debug|Any CPU
		{6905407E-5ED6-4CB2-ACE3-1A9CF1E24758}.Debug|Any CPU.Build.0 = Debug|Any CPU
		{6905407E-5ED6-4CB2-ACE3-1A9CF1E24758}.Release|Any CPU.ActiveCfg = Release|Any CPU
		{6905407E-5ED6-4CB2-ACE3-1A9CF1E24758}.Release|Any CPU.Build.0 = Release|Any CPU
		{81E20BC0-4C67-4887-A4ED-C56DA6B96874}.Debug|Any CPU.ActiveCfg = Debug|Any CPU
		{81E20BC0-4C67-4887-A4ED-C56DA6B96874}.Debug|Any CPU.Build.0 = Debug|Any CPU
		{81E20BC0-4C67-4887-A4ED-C56DA6B96874}.Release|Any CPU.ActiveCfg = Release|Any CPU
		{81E20BC0-4C67-4887-A4ED-C56DA6B96874}.Release|Any CPU.Build.0 = Release|Any CPU
		{9B216D9D-F307-4DFF-8622-F4234C49095C}.Debug|Any CPU.ActiveCfg = Debug|Any CPU
		{9B216D9D-F307-4DFF-8622-F4234C49095C}.Debug|Any CPU.Build.0 = Debug|Any CPU
		{9B216D9D-F307-4DFF-8622-F4234C49095C}.Release|Any CPU.ActiveCfg = Release|Any CPU
		{9B216D9D-F307-4DFF-8622-F4234C49095C}.Release|Any CPU.Build.0 = Release|Any CPU
	EndGlobalSection
	GlobalSection(SolutionProperties) = preSolution
		HideSolutionNode = FALSE
	EndGlobalSection
	GlobalSection(ExtensibilityGlobals) = postSolution
		SolutionGuid = {8FAF44E3-9469-40D5-8B2E-98F2287D68AD}
	EndGlobalSection
EndGlobal
